// !$*UTF8*$!
{
	archiveVersion = 1;
	classes = {
	};
	objectVersion = 56;
	objects = {

/* Begin PBXBuildFile section */
		83F623FE2D577B77007001D4 /* YouTubeIdeaApp.swift in Sources */ = {isa = PBXBuildFile; fileRef = 83F623FD2D577B77007001D4 /* YouTubeIdeaApp.swift */; };
		83F624002D577B77007001D4 /* ContentView.swift in Sources */ = {isa = PBXBuildFile; fileRef = 83F623FF2D577B77007001D4 /* ContentView.swift */; };
		83F624022D577B78007001D4 /* Assets.xcassets in Resources */ = {isa = PBXBuildFile; fileRef = 83F624012D577B78007001D4 /* Assets.xcassets */; };
		83F624052D577B78007001D4 /* Preview Assets.xcassets in Resources */ = {isa = PBXBuildFile; fileRef = 83F624042D577B78007001D4 /* Preview Assets.xcassets */; };
		83F624072D577B78007001D4 /* Persistence.swift in Sources */ = {isa = PBXBuildFile; fileRef = 83F624062D577B78007001D4 /* Persistence.swift */; };
		83F6240A2D577B78007001D4 /* YouTubeIdea.xcdatamodeld in Sources */ = {isa = PBXBuildFile; fileRef = 83F624082D577B78007001D4 /* YouTubeIdea.xcdatamodeld */; };
		83F624152D577DBE007001D4 /* VideoRecord.swift in Sources */ = {isa = PBXBuildFile; fileRef = 83F624112D577DBE007001D4 /* VideoRecord.swift */; };
		83F624162D577DBE007001D4 /* APIService.swift in Sources */ = {isa = PBXBuildFile; fileRef = 83F624132D577DBE007001D4 /* APIService.swift */; };
		83F624182D578058007001D4 /* DownloadManager.swift in Sources */ = {isa = PBXBuildFile; fileRef = 83F624172D578058007001D4 /* DownloadManager.swift */; };
		83F6241A2D57997C007001D4 /* SettingsManager.swift in Sources */ = {isa = PBXBuildFile; fileRef = 83F624192D57997C007001D4 /* SettingsManager.swift */; };
		83F6241F2D5799E8007001D4 /* HistoryView.swift in Sources */ = {isa = PBXBuildFile; fileRef = 83F6241B2D5799E8007001D4 /* HistoryView.swift */; };
		83F624212D5799E8007001D4 /* ProfileView.swift in Sources */ = {isa = PBXBuildFile; fileRef = 83F6241D2D5799E8007001D4 /* ProfileView.swift */; };
		83F624242D579B39007001D4 /* StringExtensions.swift in Sources */ = {isa = PBXBuildFile; fileRef = 83F624222D579B39007001D4 /* StringExtensions.swift */; };
		83F624262D579B4C007001D4 /* SharedViews.swift in Sources */ = {isa = PBXBuildFile; fileRef = 83F624252D579B4C007001D4 /* SharedViews.swift */; };
		83F624372D58B107007001D4 /* YouTubeIdeaTests.swift in Sources */ = {isa = PBXBuildFile; fileRef = 83F624362D58B107007001D4 /* YouTubeIdeaTests.swift */; };
		83F624402D58B216007001D4 /* APIServiceTests.swift in Sources */ = {isa = PBXBuildFile; fileRef = 83F6243D2D58B216007001D4 /* APIServiceTests.swift */; };
		83F624412D58B216007001D4 /* TestConfig.swift in Sources */ = {isa = PBXBuildFile; fileRef = 83F6243F2D58B216007001D4 /* TestConfig.swift */; };
		83F624602D5B1770007001D4 /* ProcessTypes.swift in Sources */ = {isa = PBXBuildFile; fileRef = 83F6245F2D5B1770007001D4 /* ProcessTypes.swift */; };
		83F624722D5B21D8007001D4 /* HomeView.swift in Sources */ = {isa = PBXBuildFile; fileRef = 83F6246E2D5B21D8007001D4 /* HomeView.swift */; };
		83F624742D5B321B007001D4 /* CommonControls.swift in Sources */ = {isa = PBXBuildFile; fileRef = 83F624732D5B321B007001D4 /* CommonControls.swift */; };
		83F624762D5B48FD007001D4 /* ProcessingSection.swift in Sources */ = {isa = PBXBuildFile; fileRef = 83F624752D5B48FD007001D4 /* ProcessingSection.swift */; };
		83F6247A2D5C77C9007001D4 /* HistoryDetailView.swift in Sources */ = {isa = PBXBuildFile; fileRef = 83F624792D5C77C9007001D4 /* HistoryDetailView.swift */; };
		83F6247D2D5DA782007001D4 /* ProcessingCoordinator.swift in Sources */ = {isa = PBXBuildFile; fileRef = 83F6247B2D5DA782007001D4 /* ProcessingCoordinator.swift */; };
		83F6247F2D5E21D8007001D4 /* AudioSplitter.swift in Sources */ = {isa = PBXBuildFile; fileRef = 83F6247E2D5E21D8007001D4 /* AudioSplitter.swift */; };
/* End PBXBuildFile section */

/* Begin PBXContainerItemProxy section */
		83F624382D58B107007001D4 /* PBXContainerItemProxy */ = {
			isa = PBXContainerItemProxy;
			containerPortal = 83F623F22D577B77007001D4 /* Project object */;
			proxyType = 1;
			remoteGlobalIDString = 83F623F92D577B77007001D4;
			remoteInfo = YouTubeIdea;
		};
/* End PBXContainerItemProxy section */

/* Begin PBXFileReference section */
		83F623FA2D577B77007001D4 /* YouTubeIdea.app */ = {isa = PBXFileReference; explicitFileType = wrapper.application; includeInIndex = 0; path = YouTubeIdea.app; sourceTree = BUILT_PRODUCTS_DIR; };
		83F623FD2D577B77007001D4 /* YouTubeIdeaApp.swift */ = {isa = PBXFileReference; lastKnownFileType = sourcecode.swift; path = YouTubeIdeaApp.swift; sourceTree = "<group>"; };
		83F623FF2D577B77007001D4 /* ContentView.swift */ = {isa = PBXFileReference; lastKnownFileType = sourcecode.swift; path = ContentView.swift; sourceTree = "<group>"; };
		83F624012D577B78007001D4 /* Assets.xcassets */ = {isa = PBXFileReference; lastKnownFileType = folder.assetcatalog; path = Assets.xcassets; sourceTree = "<group>"; };
		83F624042D577B78007001D4 /* Preview Assets.xcassets */ = {isa = PBXFileReference; lastKnownFileType = folder.assetcatalog; path = "Preview Assets.xcassets"; sourceTree = "<group>"; };
		83F624062D577B78007001D4 /* Persistence.swift */ = {isa = PBXFileReference; lastKnownFileType = sourcecode.swift; path = Persistence.swift; sourceTree = "<group>"; };
		83F624092D577B78007001D4 /* YouTubeIdea.xcdatamodel */ = {isa = PBXFileReference; lastKnownFileType = wrapper.xcdatamodel; path = YouTubeIdea.xcdatamodel; sourceTree = "<group>"; };
		83F6240B2D577B78007001D4 /* YouTubeIdea.entitlements */ = {isa = PBXFileReference; lastKnownFileType = text.plist.entitlements; path = YouTubeIdea.entitlements; sourceTree = "<group>"; };
		83F624112D577DBE007001D4 /* VideoRecord.swift */ = {isa = PBXFileReference; fileEncoding = 4; lastKnownFileType = sourcecode.swift; path = VideoRecord.swift; sourceTree = "<group>"; };
		83F624132D577DBE007001D4 /* APIService.swift */ = {isa = PBXFileReference; fileEncoding = 4; lastKnownFileType = sourcecode.swift; path = APIService.swift; sourceTree = "<group>"; };
		83F624172D578058007001D4 /* DownloadManager.swift */ = {isa = PBXFileReference; fileEncoding = 4; lastKnownFileType = sourcecode.swift; path = DownloadManager.swift; sourceTree = "<group>"; };
		83F624192D57997C007001D4 /* SettingsManager.swift */ = {isa = PBXFileReference; fileEncoding = 4; lastKnownFileType = sourcecode.swift; path = SettingsManager.swift; sourceTree = "<group>"; };
		83F6241B2D5799E8007001D4 /* HistoryView.swift */ = {isa = PBXFileReference; fileEncoding = 4; lastKnownFileType = sourcecode.swift; path = HistoryView.swift; sourceTree = "<group>"; };
		83F6241D2D5799E8007001D4 /* ProfileView.swift */ = {isa = PBXFileReference; fileEncoding = 4; lastKnownFileType = sourcecode.swift; path = ProfileView.swift; sourceTree = "<group>"; };
		83F624222D579B39007001D4 /* StringExtensions.swift */ = {isa = PBXFileReference; fileEncoding = 4; lastKnownFileType = sourcecode.swift; path = StringExtensions.swift; sourceTree = "<group>"; };
		83F624252D579B4C007001D4 /* SharedViews.swift */ = {isa = PBXFileReference; fileEncoding = 4; lastKnownFileType = sourcecode.swift; path = SharedViews.swift; sourceTree = "<group>"; };
		83F624342D58B107007001D4 /* YouTubeIdeaTests.xctest */ = {isa = PBXFileReference; explicitFileType = wrapper.cfbundle; includeInIndex = 0; path = YouTubeIdeaTests.xctest; sourceTree = BUILT_PRODUCTS_DIR; };
		83F624362D58B107007001D4 /* YouTubeIdeaTests.swift */ = {isa = PBXFileReference; lastKnownFileType = sourcecode.swift; path = YouTubeIdeaTests.swift; sourceTree = "<group>"; };
		83F6243D2D58B216007001D4 /* APIServiceTests.swift */ = {isa = PBXFileReference; fileEncoding = 4; lastKnownFileType = sourcecode.swift; path = APIServiceTests.swift; sourceTree = "<group>"; };
		83F6243F2D58B216007001D4 /* TestConfig.swift */ = {isa = PBXFileReference; fileEncoding = 4; lastKnownFileType = sourcecode.swift; path = TestConfig.swift; sourceTree = "<group>"; };
		83F6245F2D5B1770007001D4 /* ProcessTypes.swift */ = {isa = PBXFileReference; fileEncoding = 4; lastKnownFileType = sourcecode.swift; path = ProcessTypes.swift; sourceTree = "<group>"; };
		83F6246E2D5B21D8007001D4 /* HomeView.swift */ = {isa = PBXFileReference; fileEncoding = 4; lastKnownFileType = sourcecode.swift; path = HomeView.swift; sourceTree = "<group>"; };
		83F624732D5B321B007001D4 /* CommonControls.swift */ = {isa = PBXFileReference; fileEncoding = 4; lastKnownFileType = sourcecode.swift; path = CommonControls.swift; sourceTree = "<group>"; };
		83F624752D5B48FD007001D4 /* ProcessingSection.swift */ = {isa = PBXFileReference; fileEncoding = 4; lastKnownFileType = sourcecode.swift; path = ProcessingSection.swift; sourceTree = "<group>"; };
		83F624792D5C77C9007001D4 /* HistoryDetailView.swift */ = {isa = PBXFileReference; fileEncoding = 4; lastKnownFileType = sourcecode.swift; path = HistoryDetailView.swift; sourceTree = "<group>"; };
		83F6247B2D5DA782007001D4 /* ProcessingCoordinator.swift */ = {isa = PBXFileReference; fileEncoding = 4; lastKnownFileType = sourcecode.swift; path = ProcessingCoordinator.swift; sourceTree = "<group>"; };
		83F6247E2D5E21D8007001D4 /* AudioSplitter.swift */ = {isa = PBXFileReference; fileEncoding = 4; lastKnownFileType = sourcecode.swift; path = AudioSplitter.swift; sourceTree = "<group>"; };
/* End PBXFileReference section */

/* Begin PBXFrameworksBuildPhase section */
		83F623F72D577B77007001D4 /* Frameworks */ = {
			isa = PBXFrameworksBuildPhase;
			buildActionMask = 2147483647;
			files = (
			);
			runOnlyForDeploymentPostprocessing = 0;
		};
		83F624312D58B107007001D4 /* Frameworks */ = {
			isa = PBXFrameworksBuildPhase;
			buildActionMask = 2147483647;
			files = (
			);
			runOnlyForDeploymentPostprocessing = 0;
		};
/* End PBXFrameworksBuildPhase section */

/* Begin PBXGroup section */
		83F623F12D577B77007001D4 = {
			isa = PBXGroup;
			children = (
				83F623FC2D577B77007001D4 /* YouTubeIdea */,
				83F624352D58B107007001D4 /* YouTubeIdeaTests */,
				83F623FB2D577B77007001D4 /* Products */,
			);
			sourceTree = "<group>";
		};
		83F623FB2D577B77007001D4 /* Products */ = {
			isa = PBXGroup;
			children = (
				83F623FA2D577B77007001D4 /* YouTubeIdea.app */,
				83F624342D58B107007001D4 /* YouTubeIdeaTests.xctest */,
			);
			name = Products;
			sourceTree = "<group>";
		};
		83F623FC2D577B77007001D4 /* YouTubeIdea */ = {
			isa = PBXGroup;
			children = (
				83F6247C2D5DA782007001D4 /* Coordinators */,
				83F624232D579B39007001D4 /* Extensions */,
				83F6241E2D5799E8007001D4 /* Views */,
				83F624122D577DBE007001D4 /* Models */,
				83F624142D577DBE007001D4 /* Services */,
				83F623FD2D577B77007001D4 /* YouTubeIdeaApp.swift */,
				83F623FF2D577B77007001D4 /* ContentView.swift */,
				83F624012D577B78007001D4 /* Assets.xcassets */,
				83F624062D577B78007001D4 /* Persistence.swift */,
				83F6240B2D577B78007001D4 /* YouTubeIdea.entitlements */,
				83F624082D577B78007001D4 /* YouTubeIdea.xcdatamodeld */,
				83F624032D577B78007001D4 /* Preview Content */,
			);
			path = YouTubeIdea;
			sourceTree = "<group>";
		};
		83F624032D577B78007001D4 /* Preview Content */ = {
			isa = PBXGroup;
			children = (
				83F624042D577B78007001D4 /* Preview Assets.xcassets */,
			);
			path = "Preview Content";
			sourceTree = "<group>";
		};
		83F624122D577DBE007001D4 /* Models */ = {
			isa = PBXGroup;
			children = (
				83F6245F2D5B1770007001D4 /* ProcessTypes.swift */,
				83F624112D577DBE007001D4 /* VideoRecord.swift */,
			);
			path = Models;
			sourceTree = "<group>";
		};
		83F624142D577DBE007001D4 /* Services */ = {
			isa = PBXGroup;
			children = (
				83F6247E2D5E21D8007001D4 /* AudioSplitter.swift */,
				83F624192D57997C007001D4 /* SettingsManager.swift */,
				83F624172D578058007001D4 /* DownloadManager.swift */,
				83F624132D577DBE007001D4 /* APIService.swift */,
			);
			path = Services;
			sourceTree = "<group>";
		};
		83F6241E2D5799E8007001D4 /* Views */ = {
			isa = PBXGroup;
			children = (
				83F624792D5C77C9007001D4 /* HistoryDetailView.swift */,
				83F6246D2D5B21D8007001D4 /* Components */,
				83F6246E2D5B21D8007001D4 /* HomeView.swift */,
				83F624252D579B4C007001D4 /* SharedViews.swift */,
				83F6241B2D5799E8007001D4 /* HistoryView.swift */,
				83F6241D2D5799E8007001D4 /* ProfileView.swift */,
			);
			path = Views;
			sourceTree = "<group>";
		};
		83F624232D579B39007001D4 /* Extensions */ = {
			isa = PBXGroup;
			children = (
				83F624222D579B39007001D4 /* StringExtensions.swift */,
			);
			path = Extensions;
			sourceTree = "<group>";
		};
		83F624352D58B107007001D4 /* YouTubeIdeaTests */ = {
			isa = PBXGroup;
			children = (
				83F6243E2D58B216007001D4 /* Services */,
				83F6243F2D58B216007001D4 /* TestConfig.swift */,
				83F624362D58B107007001D4 /* YouTubeIdeaTests.swift */,
			);
			path = YouTubeIdeaTests;
			sourceTree = "<group>";
		};
		83F6243E2D58B216007001D4 /* Services */ = {
			isa = PBXGroup;
			children = (
				83F6243D2D58B216007001D4 /* APIServiceTests.swift */,
			);
			path = Services;
			sourceTree = "<group>";
		};
		83F6246D2D5B21D8007001D4 /* Components */ = {
			isa = PBXGroup;
			children = (
				83F624752D5B48FD007001D4 /* ProcessingSection.swift */,
				83F624732D5B321B007001D4 /* CommonControls.swift */,
			);
			path = Components;
			sourceTree = "<group>";
		};
		83F6247C2D5DA782007001D4 /* Coordinators */ = {
			isa = PBXGroup;
			children = (
				83F6247B2D5DA782007001D4 /* ProcessingCoordinator.swift */,
			);
			path = Coordinators;
			sourceTree = "<group>";
		};
/* End PBXGroup section */

/* Begin PBXNativeTarget section */
		83F623F92D577B77007001D4 /* YouTubeIdea */ = {
			isa = PBXNativeTarget;
			buildConfigurationList = 83F6240E2D577B78007001D4 /* Build configuration list for PBXNativeTarget "YouTubeIdea" */;
			buildPhases = (
				83F623F62D577B77007001D4 /* Sources */,
				83F623F72D577B77007001D4 /* Frameworks */,
				83F623F82D577B77007001D4 /* Resources */,
			);
			buildRules = (
			);
			dependencies = (
			);
			name = YouTubeIdea;
			productName = YouTubeIdea;
			productReference = 83F623FA2D577B77007001D4 /* YouTubeIdea.app */;
			productType = "com.apple.product-type.application";
		};
		83F624332D58B107007001D4 /* YouTubeIdeaTests */ = {
			isa = PBXNativeTarget;
			buildConfigurationList = 83F6243A2D58B107007001D4 /* Build configuration list for PBXNativeTarget "YouTubeIdeaTests" */;
			buildPhases = (
				83F624302D58B107007001D4 /* Sources */,
				83F624312D58B107007001D4 /* Frameworks */,
				83F624322D58B107007001D4 /* Resources */,
			);
			buildRules = (
			);
			dependencies = (
				83F624392D58B107007001D4 /* PBXTargetDependency */,
			);
			name = YouTubeIdeaTests;
			productName = YouTubeIdeaTests;
			productReference = 83F624342D58B107007001D4 /* YouTubeIdeaTests.xctest */;
			productType = "com.apple.product-type.bundle.unit-test";
		};
/* End PBXNativeTarget section */

/* Begin PBXProject section */
		83F623F22D577B77007001D4 /* Project object */ = {
			isa = PBXProject;
			attributes = {
				BuildIndependentTargetsInParallel = 1;
				LastSwiftUpdateCheck = 1530;
				LastUpgradeCheck = 1530;
				TargetAttributes = {
					83F623F92D577B77007001D4 = {
						CreatedOnToolsVersion = 15.3;
					};
					83F624332D58B107007001D4 = {
						CreatedOnToolsVersion = 15.3;
						TestTargetID = 83F623F92D577B77007001D4;
					};
				};
			};
			buildConfigurationList = 83F623F52D577B77007001D4 /* Build configuration list for PBXProject "YouTubeIdea" */;
			compatibilityVersion = "Xcode 14.0";
			developmentRegion = en;
			hasScannedForEncodings = 0;
			knownRegions = (
				en,
				Base,
			);
			mainGroup = 83F623F12D577B77007001D4;
			productRefGroup = 83F623FB2D577B77007001D4 /* Products */;
			projectDirPath = "";
			projectRoot = "";
			targets = (
				83F623F92D577B77007001D4 /* YouTubeIdea */,
				83F624332D58B107007001D4 /* YouTubeIdeaTests */,
			);
		};
/* End PBXProject section */

/* Begin PBXResourcesBuildPhase section */
		83F623F82D577B77007001D4 /* Resources */ = {
			isa = PBXResourcesBuildPhase;
			buildActionMask = 2147483647;
			files = (
				83F624052D577B78007001D4 /* Preview Assets.xcassets in Resources */,
				83F624022D577B78007001D4 /* Assets.xcassets in Resources */,
			);
			runOnlyForDeploymentPostprocessing = 0;
		};
		83F624322D58B107007001D4 /* Resources */ = {
			isa = PBXResourcesBuildPhase;
			buildActionMask = 2147483647;
			files = (
			);
			runOnlyForDeploymentPostprocessing = 0;
		};
/* End PBXResourcesBuildPhase section */

/* Begin PBXSourcesBuildPhase section */
		83F623F62D577B77007001D4 /* Sources */ = {
			isa = PBXSourcesBuildPhase;
			buildActionMask = 2147483647;
			files = (
				83F624242D579B39007001D4 /* StringExtensions.swift in Sources */,
				83F6240A2D577B78007001D4 /* YouTubeIdea.xcdatamodeld in Sources */,
				83F624072D577B78007001D4 /* Persistence.swift in Sources */,
				83F6247D2D5DA782007001D4 /* ProcessingCoordinator.swift in Sources */,
				83F624002D577B77007001D4 /* ContentView.swift in Sources */,
				83F624602D5B1770007001D4 /* ProcessTypes.swift in Sources */,
				83F6247F2D5E21D8007001D4 /* AudioSplitter.swift in Sources */,
				83F624152D577DBE007001D4 /* VideoRecord.swift in Sources */,
				83F6247A2D5C77C9007001D4 /* HistoryDetailView.swift in Sources */,
				83F624262D579B4C007001D4 /* SharedViews.swift in Sources */,
				83F624722D5B21D8007001D4 /* HomeView.swift in Sources */,
				83F6241A2D57997C007001D4 /* SettingsManager.swift in Sources */,
				83F624742D5B321B007001D4 /* CommonControls.swift in Sources */,
				83F624162D577DBE007001D4 /* APIService.swift in Sources */,
				83F623FE2D577B77007001D4 /* YouTubeIdeaApp.swift in Sources */,
				83F624762D5B48FD007001D4 /* ProcessingSection.swift in Sources */,
				83F6241F2D5799E8007001D4 /* HistoryView.swift in Sources */,
				83F624212D5799E8007001D4 /* ProfileView.swift in Sources */,
				83F624182D578058007001D4 /* DownloadManager.swift in Sources */,
			);
			runOnlyForDeploymentPostprocessing = 0;
		};
		83F624302D58B107007001D4 /* Sources */ = {
			isa = PBXSourcesBuildPhase;
			buildActionMask = 2147483647;
			files = (
				83F624402D58B216007001D4 /* APIServiceTests.swift in Sources */,
				83F624372D58B107007001D4 /* YouTubeIdeaTests.swift in Sources */,
				83F624412D58B216007001D4 /* TestConfig.swift in Sources */,
			);
			runOnlyForDeploymentPostprocessing = 0;
		};
/* End PBXSourcesBuildPhase section */

/* Begin PBXTargetDependency section */
		83F624392D58B107007001D4 /* PBXTargetDependency */ = {
			isa = PBXTargetDependency;
			target = 83F623F92D577B77007001D4 /* YouTubeIdea */;
			targetProxy = 83F624382D58B107007001D4 /* PBXContainerItemProxy */;
		};
/* End PBXTargetDependency section */

/* Begin XCBuildConfiguration section */
		83F6240C2D577B78007001D4 /* Debug */ = {
			isa = XCBuildConfiguration;
			buildSettings = {
				ALWAYS_SEARCH_USER_PATHS = NO;
				ASSETCATALOG_COMPILER_GENERATE_SWIFT_ASSET_SYMBOL_EXTENSIONS = YES;
				CLANG_ANALYZER_NONNULL = YES;
				CLANG_ANALYZER_NUMBER_OBJECT_CONVERSION = YES_AGGRESSIVE;
				CLANG_CXX_LANGUAGE_STANDARD = "gnu++20";
				CLANG_ENABLE_MODULES = YES;
				CLANG_ENABLE_OBJC_ARC = YES;
				CLANG_ENABLE_OBJC_WEAK = YES;
				CLANG_WARN_BLOCK_CAPTURE_AUTORELEASING = YES;
				CLANG_WARN_BOOL_CONVERSION = YES;
				CLANG_WARN_COMMA = YES;
				CLANG_WARN_CONSTANT_CONVERSION = YES;
				CLANG_WARN_DEPRECATED_OBJC_IMPLEMENTATIONS = YES;
				CLANG_WARN_DIRECT_OBJC_ISA_USAGE = YES_ERROR;
				CLANG_WARN_DOCUMENTATION_COMMENTS = YES;
				CLANG_WARN_EMPTY_BODY = YES;
				CLANG_WARN_ENUM_CONVERSION = YES;
				CLANG_WARN_INFINITE_RECURSION = YES;
				CLANG_WARN_INT_CONVERSION = YES;
				CLANG_WARN_NON_LITERAL_NULL_CONVERSION = YES;
				CLANG_WARN_OBJC_IMPLICIT_RETAIN_SELF = YES;
				CLANG_WARN_OBJC_LITERAL_CONVERSION = YES;
				CLANG_WARN_OBJC_ROOT_CLASS = YES_ERROR;
				CLANG_WARN_QUOTED_INCLUDE_IN_FRAMEWORK_HEADER = YES;
				CLANG_WARN_RANGE_LOOP_ANALYSIS = YES;
				CLANG_WARN_STRICT_PROTOTYPES = YES;
				CLANG_WARN_SUSPICIOUS_MOVE = YES;
				CLANG_WARN_UNGUARDED_AVAILABILITY = YES_AGGRESSIVE;
				CLANG_WARN_UNREACHABLE_CODE = YES;
				CLANG_WARN__DUPLICATE_METHOD_MATCH = YES;
				CODE_SIGN_ALLOW_ENTITLEMENTS_MODIFICATION = YES;
				COPY_PHASE_STRIP = NO;
				DEBUG_INFORMATION_FORMAT = dwarf;
				ENABLE_STRICT_OBJC_MSGSEND = YES;
				ENABLE_TESTABILITY = YES;
				ENABLE_USER_SCRIPT_SANDBOXING = YES;
				GCC_C_LANGUAGE_STANDARD = gnu17;
				GCC_DYNAMIC_NO_PIC = NO;
				GCC_NO_COMMON_BLOCKS = YES;
				GCC_OPTIMIZATION_LEVEL = 0;
				GCC_PREPROCESSOR_DEFINITIONS = (
					"DEBUG=1",
					"$(inherited)",
				);
				GCC_WARN_64_TO_32_BIT_CONVERSION = YES;
				GCC_WARN_ABOUT_RETURN_TYPE = YES_ERROR;
				GCC_WARN_UNDECLARED_SELECTOR = YES;
				GCC_WARN_UNINITIALIZED_AUTOS = YES_AGGRESSIVE;
				GCC_WARN_UNUSED_FUNCTION = YES;
				GCC_WARN_UNUSED_VARIABLE = YES;
				LOCALIZATION_PREFERS_STRING_CATALOGS = YES;
				MACOSX_DEPLOYMENT_TARGET = 14.4;
				MTL_ENABLE_DEBUG_INFO = INCLUDE_SOURCE;
				MTL_FAST_MATH = YES;
				ONLY_ACTIVE_ARCH = YES;
				SDKROOT = macosx;
				SWIFT_ACTIVE_COMPILATION_CONDITIONS = "DEBUG $(inherited)";
				SWIFT_OPTIMIZATION_LEVEL = "-Onone";
			};
			name = Debug;
		};
		83F6240D2D577B78007001D4 /* Release */ = {
			isa = XCBuildConfiguration;
			buildSettings = {
				ALWAYS_SEARCH_USER_PATHS = NO;
				ASSETCATALOG_COMPILER_GENERATE_SWIFT_ASSET_SYMBOL_EXTENSIONS = YES;
				CLANG_ANALYZER_NONNULL = YES;
				CLANG_ANALYZER_NUMBER_OBJECT_CONVERSION = YES_AGGRESSIVE;
				CLANG_CXX_LANGUAGE_STANDARD = "gnu++20";
				CLANG_ENABLE_MODULES = YES;
				CLANG_ENABLE_OBJC_ARC = YES;
				CLANG_ENABLE_OBJC_WEAK = YES;
				CLANG_WARN_BLOCK_CAPTURE_AUTORELEASING = YES;
				CLANG_WARN_BOOL_CONVERSION = YES;
				CLANG_WARN_COMMA = YES;
				CLANG_WARN_CONSTANT_CONVERSION = YES;
				CLANG_WARN_DEPRECATED_OBJC_IMPLEMENTATIONS = YES;
				CLANG_WARN_DIRECT_OBJC_ISA_USAGE = YES_ERROR;
				CLANG_WARN_DOCUMENTATION_COMMENTS = YES;
				CLANG_WARN_EMPTY_BODY = YES;
				CLANG_WARN_ENUM_CONVERSION = YES;
				CLANG_WARN_INFINITE_RECURSION = YES;
				CLANG_WARN_INT_CONVERSION = YES;
				CLANG_WARN_NON_LITERAL_NULL_CONVERSION = YES;
				CLANG_WARN_OBJC_IMPLICIT_RETAIN_SELF = YES;
				CLANG_WARN_OBJC_LITERAL_CONVERSION = YES;
				CLANG_WARN_OBJC_ROOT_CLASS = YES_ERROR;
				CLANG_WARN_QUOTED_INCLUDE_IN_FRAMEWORK_HEADER = YES;
				CLANG_WARN_RANGE_LOOP_ANALYSIS = YES;
				CLANG_WARN_STRICT_PROTOTYPES = YES;
				CLANG_WARN_SUSPICIOUS_MOVE = YES;
				CLANG_WARN_UNGUARDED_AVAILABILITY = YES_AGGRESSIVE;
				CLANG_WARN_UNREACHABLE_CODE = YES;
				CLANG_WARN__DUPLICATE_METHOD_MATCH = YES;
				CODE_SIGN_ALLOW_ENTITLEMENTS_MODIFICATION = YES;
				COPY_PHASE_STRIP = NO;
				DEBUG_INFORMATION_FORMAT = "dwarf-with-dsym";
				ENABLE_NS_ASSERTIONS = NO;
				ENABLE_STRICT_OBJC_MSGSEND = YES;
				ENABLE_USER_SCRIPT_SANDBOXING = YES;
				GCC_C_LANGUAGE_STANDARD = gnu17;
				GCC_NO_COMMON_BLOCKS = YES;
				GCC_WARN_64_TO_32_BIT_CONVERSION = YES;
				GCC_WARN_ABOUT_RETURN_TYPE = YES_ERROR;
				GCC_WARN_UNDECLARED_SELECTOR = YES;
				GCC_WARN_UNINITIALIZED_AUTOS = YES_AGGRESSIVE;
				GCC_WARN_UNUSED_FUNCTION = YES;
				GCC_WARN_UNUSED_VARIABLE = YES;
				LOCALIZATION_PREFERS_STRING_CATALOGS = YES;
				MACOSX_DEPLOYMENT_TARGET = 14.4;
				MTL_ENABLE_DEBUG_INFO = NO;
				MTL_FAST_MATH = YES;
				SDKROOT = macosx;
				SWIFT_COMPILATION_MODE = wholemodule;
			};
			name = Release;
		};
		83F6240F2D577B78007001D4 /* Debug */ = {
			isa = XCBuildConfiguration;
			buildSettings = {
				ASSETCATALOG_COMPILER_APPICON_NAME = AppIcon;
				ASSETCATALOG_COMPILER_GLOBAL_ACCENT_COLOR_NAME = AccentColor;
				CODE_SIGN_ALLOW_ENTITLEMENTS_MODIFICATION = YES;
				CODE_SIGN_ENTITLEMENTS = YouTubeIdea/YouTubeIdea.entitlements;
				CODE_SIGN_STYLE = Automatic;
				COMBINE_HIDPI_IMAGES = YES;
				CURRENT_PROJECT_VERSION = 1;
				DEVELOPMENT_ASSET_PATHS = "\"YouTubeIdea/Preview Content\"";
				DEVELOPMENT_TEAM = 33VM3A9AH5;
				ENABLE_HARDENED_RUNTIME = YES;
				ENABLE_PREVIEWS = YES;
				GENERATE_INFOPLIST_FILE = YES;
				INFOPLIST_KEY_NSHumanReadableCopyright = "";
				LD_RUNPATH_SEARCH_PATHS = (
					"$(inherited)",
					"@executable_path/../Frameworks",
				);
				MARKETING_VERSION = 1.0;
				PRODUCT_BUNDLE_IDENTIFIER = com.example.YouTubeIdea;
				PRODUCT_NAME = "$(TARGET_NAME)";
				SWIFT_EMIT_LOC_STRINGS = YES;
				SWIFT_VERSION = 5.0;
			};
			name = Debug;
		};
		83F624102D577B78007001D4 /* Release */ = {
			isa = XCBuildConfiguration;
			buildSettings = {
				ASSETCATALOG_COMPILER_APPICON_NAME = AppIcon;
				ASSETCATALOG_COMPILER_GLOBAL_ACCENT_COLOR_NAME = AccentColor;
				CODE_SIGN_ALLOW_ENTITLEMENTS_MODIFICATION = YES;
				CODE_SIGN_ENTITLEMENTS = YouTubeIdea/YouTubeIdea.entitlements;
				CODE_SIGN_STYLE = Automatic;
				COMBINE_HIDPI_IMAGES = YES;
				CURRENT_PROJECT_VERSION = 1;
				DEVELOPMENT_ASSET_PATHS = "\"YouTubeIdea/Preview Content\"";
				DEVELOPMENT_TEAM = 33VM3A9AH5;
				ENABLE_HARDENED_RUNTIME = YES;
				ENABLE_PREVIEWS = YES;
				GENERATE_INFOPLIST_FILE = YES;
				INFOPLIST_KEY_NSHumanReadableCopyright = "";
				LD_RUNPATH_SEARCH_PATHS = (
					"$(inherited)",
					"@executable_path/../Frameworks",
				);
				MARKETING_VERSION = 1.0;
				PRODUCT_BUNDLE_IDENTIFIER = com.example.YouTubeIdea;
				PRODUCT_NAME = "$(TARGET_NAME)";
				SWIFT_EMIT_LOC_STRINGS = YES;
				SWIFT_VERSION = 5.0;
			};
			name = Release;
		};
		83F6243B2D58B107007001D4 /* Debug */ = {
			isa = XCBuildConfiguration;
			buildSettings = {
				BUNDLE_LOADER = "$(TEST_HOST)";
				CODE_SIGN_STYLE = Automatic;
				CURRENT_PROJECT_VERSION = 1;
				DEVELOPMENT_TEAM = 33VM3A9AH5;
				GENERATE_INFOPLIST_FILE = YES;
				MARKETING_VERSION = 1.0;
				PRODUCT_BUNDLE_IDENTIFIER = com.example.YouTubeIdeaTests;
				PRODUCT_NAME = "$(TARGET_NAME)";
				SWIFT_EMIT_LOC_STRINGS = NO;
				SWIFT_VERSION = 5.0;
				TEST_HOST = "$(BUILT_PRODUCTS_DIR)/YouTubeIdea.app/$(BUNDLE_EXECUTABLE_FOLDER_PATH)/YouTubeIdea";
			};
			name = Debug;
		};
		83F6243C2D58B107007001D4 /* Release */ = {
			isa = XCBuildConfiguration;
			buildSettings = {
				BUNDLE_LOADER = "$(TEST_HOST)";
				CODE_SIGN_STYLE = Automatic;
				CURRENT_PROJECT_VERSION = 1;
				DEVELOPMENT_TEAM = 33VM3A9AH5;
				GENERATE_INFOPLIST_FILE = YES;
				MARKETING_VERSION = 1.0;
				PRODUCT_BUNDLE_IDENTIFIER = com.example.YouTubeIdeaTests;
				PRODUCT_NAME = "$(TARGET_NAME)";
				SWIFT_EMIT_LOC_STRINGS = NO;
				SWIFT_VERSION = 5.0;
				TEST_HOST = "$(BUILT_PRODUCTS_DIR)/YouTubeIdea.app/$(BUNDLE_EXECUTABLE_FOLDER_PATH)/YouTubeIdea";
			};
			name = Release;
		};
/* End XCBuildConfiguration section */

/* Begin XCConfigurationList section */
		83F623F52D577B77007001D4 /* Build configuration list for PBXProject "YouTubeIdea" */ = {
			isa = XCConfigurationList;
			buildConfigurations = (
				83F6240C2D577B78007001D4 /* Debug */,
				83F6240D2D577B78007001D4 /* Release */,
			);
			defaultConfigurationIsVisible = 0;
			defaultConfigurationName = Release;
		};
		83F6240E2D577B78007001D4 /* Build configuration list for PBXNativeTarget "YouTubeIdea" */ = {
			isa = XCConfigurationList;
			buildConfigurations = (
				83F6240F2D577B78007001D4 /* Debug */,
				83F624102D577B78007001D4 /* Release */,
			);
			defaultConfigurationIsVisible = 0;
			defaultConfigurationName = Release;
		};
		83F6243A2D58B107007001D4 /* Build configuration list for PBXNativeTarget "YouTubeIdeaTests" */ = {
			isa = XCConfigurationList;
			buildConfigurations = (
				83F6243B2D58B107007001D4 /* Debug */,
				83F6243C2D58B107007001D4 /* Release */,
			);
			defaultConfigurationIsVisible = 0;
			defaultConfigurationName = Release;
		};
/* End XCConfigurationList section */

/* Begin XCVersionGroup section */
		83F624082D577B78007001D4 /* YouTubeIdea.xcdatamodeld */ = {
			isa = XCVersionGroup;
			children = (
				83F624092D577B78007001D4 /* YouTubeIdea.xcdatamodel */,
			);
			currentVersion = 83F624092D577B78007001D4 /* YouTubeIdea.xcdatamodel */;
			path = YouTubeIdea.xcdatamodeld;
			sourceTree = "<group>";
			versionGroupType = wrapper.xcdatamodel;
		};
/* End XCVersionGroup section */
	};
	rootObject = 83F623F22D577B77007001D4 /* Project object */;
}
